// !$*UTF8*$!
{
	archiveVersion = 1;
	classes = {
	};
	objectVersion = 55;
	objects = {

/* Begin PBXBuildFile section */
		C605B59828061D9500E06DB6 /* SequentialOpertion.swift in Sources */ = {isa = PBXBuildFile; fileRef = C605B59728061D9500E06DB6 /* SequentialOpertion.swift */; };
		C635171D28058EBA00D5A35C /* ImageFileManager.swift in Sources */ = {isa = PBXBuildFile; fileRef = C635171C28058EBA00D5A35C /* ImageFileManager.swift */; };
		C635171F2805DDE700D5A35C /* NormalCollectionViewCell.swift in Sources */ = {isa = PBXBuildFile; fileRef = C635171E2805DDE700D5A35C /* NormalCollectionViewCell.swift */; };
		C63517212805DDF400D5A35C /* NormalCollectionViewCell.xib in Resources */ = {isa = PBXBuildFile; fileRef = C63517202805DDF400D5A35C /* NormalCollectionViewCell.xib */; };
		C63517232805EBE300D5A35C /* NoteCollectionViewCell.swift in Sources */ = {isa = PBXBuildFile; fileRef = C63517222805EBE300D5A35C /* NoteCollectionViewCell.swift */; };
		C63517252805EC0900D5A35C /* NoteCollectionViewCell.xib in Resources */ = {isa = PBXBuildFile; fileRef = C63517242805EC0900D5A35C /* NoteCollectionViewCell.xib */; };
		C63517282805FCF800D5A35C /* InvertedCollectionViewCell.swift in Sources */ = {isa = PBXBuildFile; fileRef = C63517262805FCF800D5A35C /* InvertedCollectionViewCell.swift */; };
		C63517292805FCF800D5A35C /* InvertedCollectionViewCell.xib in Resources */ = {isa = PBXBuildFile; fileRef = C63517272805FCF800D5A35C /* InvertedCollectionViewCell.xib */; };
		C635172C2806045700D5A35C /* InvertedNoteCollectionViewCell.swift in Sources */ = {isa = PBXBuildFile; fileRef = C635172A2806045700D5A35C /* InvertedNoteCollectionViewCell.swift */; };
		C635172D2806045700D5A35C /* InvertedNoteCollectionViewCell.xib in Resources */ = {isa = PBXBuildFile; fileRef = C635172B2806045700D5A35C /* InvertedNoteCollectionViewCell.xib */; };
		C674154728015C780096C6CE /* Utility.swift in Sources */ = {isa = PBXBuildFile; fileRef = C674154628015C780096C6CE /* Utility.swift */; };
		C689D57C28007F9100640A5D /* AppDelegate.swift in Sources */ = {isa = PBXBuildFile; fileRef = C689D57B28007F9100640A5D /* AppDelegate.swift */; };
		C689D57E28007F9100640A5D /* SceneDelegate.swift in Sources */ = {isa = PBXBuildFile; fileRef = C689D57D28007F9100640A5D /* SceneDelegate.swift */; };
		C689D58328007F9100640A5D /* Main.storyboard in Resources */ = {isa = PBXBuildFile; fileRef = C689D58128007F9100640A5D /* Main.storyboard */; };
		C689D58628007F9100640A5D /* Tawk_Assignment.xcdatamodeld in Sources */ = {isa = PBXBuildFile; fileRef = C689D58428007F9100640A5D /* Tawk_Assignment.xcdatamodeld */; };
		C689D58828007F9200640A5D /* Assets.xcassets in Resources */ = {isa = PBXBuildFile; fileRef = C689D58728007F9200640A5D /* Assets.xcassets */; };
		C689D58B28007F9200640A5D /* LaunchScreen.storyboard in Resources */ = {isa = PBXBuildFile; fileRef = C689D58928007F9200640A5D /* LaunchScreen.storyboard */; };
		C689D59628007F9200640A5D /* Tawk_AssignmentTests.swift in Sources */ = {isa = PBXBuildFile; fileRef = C689D59528007F9200640A5D /* Tawk_AssignmentTests.swift */; };
		C689D5A028007F9200640A5D /* Tawk_AssignmentUITests.swift in Sources */ = {isa = PBXBuildFile; fileRef = C689D59F28007F9200640A5D /* Tawk_AssignmentUITests.swift */; };
		C689D5A228007F9200640A5D /* Tawk_AssignmentUITestsLaunchTests.swift in Sources */ = {isa = PBXBuildFile; fileRef = C689D5A128007F9200640A5D /* Tawk_AssignmentUITestsLaunchTests.swift */; };
		C689D5B5280091B200640A5D /* NetworkManager.swift in Sources */ = {isa = PBXBuildFile; fileRef = C689D5B4280091B200640A5D /* NetworkManager.swift */; };
		C689D5B92800979500640A5D /* UsersListViewController.swift in Sources */ = {isa = PBXBuildFile; fileRef = C689D5B82800979500640A5D /* UsersListViewController.swift */; };
		C689D5BB280098B100640A5D /* AppConstants.swift in Sources */ = {isa = PBXBuildFile; fileRef = C689D5BA280098B100640A5D /* AppConstants.swift */; };
		C689D5BF280098CD00640A5D /* UsersListViewModel.swift in Sources */ = {isa = PBXBuildFile; fileRef = C689D5BE280098CD00640A5D /* UsersListViewModel.swift */; };
		C692091D2802DC6800191A09 /* UserDetailsViewController.swift in Sources */ = {isa = PBXBuildFile; fileRef = C692091C2802DC6800191A09 /* UserDetailsViewController.swift */; };
		C692091F2803019C00191A09 /* UserDetailsViewModel.swift in Sources */ = {isa = PBXBuildFile; fileRef = C692091E2803019C00191A09 /* UserDetailsViewModel.swift */; };
		C692092328032ED400191A09 /* NetworkMonitor.swift in Sources */ = {isa = PBXBuildFile; fileRef = C692092228032ED400191A09 /* NetworkMonitor.swift */; };
		C69209252803641400191A09 /* BadgeView.swift in Sources */ = {isa = PBXBuildFile; fileRef = C69209242803641400191A09 /* BadgeView.swift */; };
		C6F0ABB328016EA900EBD48A /* CoreDataManager.swift in Sources */ = {isa = PBXBuildFile; fileRef = C6F0ABB228016EA900EBD48A /* CoreDataManager.swift */; };
		C6F0ABB52801707C00EBD48A /* UserListError.swift in Sources */ = {isa = PBXBuildFile; fileRef = C6F0ABB42801707C00EBD48A /* UserListError.swift */; };
		C6F1829828086FBB00E02D16 /* UserEntity+CoreDataClass.swift in Sources */ = {isa = PBXBuildFile; fileRef = C6F1829428086FBB00E02D16 /* UserEntity+CoreDataClass.swift */; };
		C6F1829928086FBB00E02D16 /* UserEntity+CoreDataProperties.swift in Sources */ = {isa = PBXBuildFile; fileRef = C6F1829528086FBB00E02D16 /* UserEntity+CoreDataProperties.swift */; };
		C6F1829A28086FBB00E02D16 /* UsersDetailEntity+CoreDataClass.swift in Sources */ = {isa = PBXBuildFile; fileRef = C6F1829628086FBB00E02D16 /* UsersDetailEntity+CoreDataClass.swift */; };
		C6F1829B28086FBB00E02D16 /* UsersDetailEntity+CoreDataProperties.swift in Sources */ = {isa = PBXBuildFile; fileRef = C6F1829728086FBB00E02D16 /* UsersDetailEntity+CoreDataProperties.swift */; };
/* End PBXBuildFile section */

/* Begin PBXContainerItemProxy section */
		C689D59228007F9200640A5D /* PBXContainerItemProxy */ = {
			isa = PBXContainerItemProxy;
			containerPortal = C689D57028007F9100640A5D /* Project object */;
			proxyType = 1;
			remoteGlobalIDString = C689D57728007F9100640A5D;
			remoteInfo = "Tawk Assignment";
		};
		C689D59C28007F9200640A5D /* PBXContainerItemProxy */ = {
			isa = PBXContainerItemProxy;
			containerPortal = C689D57028007F9100640A5D /* Project object */;
			proxyType = 1;
			remoteGlobalIDString = C689D57728007F9100640A5D;
			remoteInfo = "Tawk Assignment";
		};
/* End PBXContainerItemProxy section */

/* Begin PBXFileReference section */
		C605B59728061D9500E06DB6 /* SequentialOpertion.swift */ = {isa = PBXFileReference; lastKnownFileType = sourcecode.swift; path = SequentialOpertion.swift; sourceTree = "<group>"; };
		C635171C28058EBA00D5A35C /* ImageFileManager.swift */ = {isa = PBXFileReference; lastKnownFileType = sourcecode.swift; path = ImageFileManager.swift; sourceTree = "<group>"; };
		C635171E2805DDE700D5A35C /* NormalCollectionViewCell.swift */ = {isa = PBXFileReference; lastKnownFileType = sourcecode.swift; path = NormalCollectionViewCell.swift; sourceTree = "<group>"; };
		C63517202805DDF400D5A35C /* NormalCollectionViewCell.xib */ = {isa = PBXFileReference; lastKnownFileType = file.xib; path = NormalCollectionViewCell.xib; sourceTree = "<group>"; };
		C63517222805EBE300D5A35C /* NoteCollectionViewCell.swift */ = {isa = PBXFileReference; lastKnownFileType = sourcecode.swift; path = NoteCollectionViewCell.swift; sourceTree = "<group>"; };
		C63517242805EC0900D5A35C /* NoteCollectionViewCell.xib */ = {isa = PBXFileReference; lastKnownFileType = file.xib; path = NoteCollectionViewCell.xib; sourceTree = "<group>"; };
		C63517262805FCF800D5A35C /* InvertedCollectionViewCell.swift */ = {isa = PBXFileReference; lastKnownFileType = sourcecode.swift; path = InvertedCollectionViewCell.swift; sourceTree = "<group>"; };
		C63517272805FCF800D5A35C /* InvertedCollectionViewCell.xib */ = {isa = PBXFileReference; lastKnownFileType = file.xib; path = InvertedCollectionViewCell.xib; sourceTree = "<group>"; };
		C635172A2806045700D5A35C /* InvertedNoteCollectionViewCell.swift */ = {isa = PBXFileReference; lastKnownFileType = sourcecode.swift; path = InvertedNoteCollectionViewCell.swift; sourceTree = "<group>"; };
		C635172B2806045700D5A35C /* InvertedNoteCollectionViewCell.xib */ = {isa = PBXFileReference; lastKnownFileType = file.xib; path = InvertedNoteCollectionViewCell.xib; sourceTree = "<group>"; };
		C674154628015C780096C6CE /* Utility.swift */ = {isa = PBXFileReference; lastKnownFileType = sourcecode.swift; path = Utility.swift; sourceTree = "<group>"; };
		C689D57828007F9100640A5D /* Tawk Assignment.app */ = {isa = PBXFileReference; explicitFileType = wrapper.application; includeInIndex = 0; path = "Tawk Assignment.app"; sourceTree = BUILT_PRODUCTS_DIR; };
		C689D57B28007F9100640A5D /* AppDelegate.swift */ = {isa = PBXFileReference; lastKnownFileType = sourcecode.swift; path = AppDelegate.swift; sourceTree = "<group>"; };
		C689D57D28007F9100640A5D /* SceneDelegate.swift */ = {isa = PBXFileReference; lastKnownFileType = sourcecode.swift; path = SceneDelegate.swift; sourceTree = "<group>"; };
		C689D58228007F9100640A5D /* Base */ = {isa = PBXFileReference; lastKnownFileType = file.storyboard; name = Base; path = Base.lproj/Main.storyboard; sourceTree = "<group>"; };
		C689D58528007F9100640A5D /* Tawk_Assignment.xcdatamodel */ = {isa = PBXFileReference; lastKnownFileType = wrapper.xcdatamodel; path = Tawk_Assignment.xcdatamodel; sourceTree = "<group>"; };
		C689D58728007F9200640A5D /* Assets.xcassets */ = {isa = PBXFileReference; lastKnownFileType = folder.assetcatalog; path = Assets.xcassets; sourceTree = "<group>"; };
		C689D58A28007F9200640A5D /* Base */ = {isa = PBXFileReference; lastKnownFileType = file.storyboard; name = Base; path = Base.lproj/LaunchScreen.storyboard; sourceTree = "<group>"; };
		C689D58C28007F9200640A5D /* Info.plist */ = {isa = PBXFileReference; lastKnownFileType = text.plist.xml; path = Info.plist; sourceTree = "<group>"; };
		C689D59128007F9200640A5D /* Tawk AssignmentTests.xctest */ = {isa = PBXFileReference; explicitFileType = wrapper.cfbundle; includeInIndex = 0; path = "Tawk AssignmentTests.xctest"; sourceTree = BUILT_PRODUCTS_DIR; };
		C689D59528007F9200640A5D /* Tawk_AssignmentTests.swift */ = {isa = PBXFileReference; lastKnownFileType = sourcecode.swift; path = Tawk_AssignmentTests.swift; sourceTree = "<group>"; };
		C689D59B28007F9200640A5D /* Tawk AssignmentUITests.xctest */ = {isa = PBXFileReference; explicitFileType = wrapper.cfbundle; includeInIndex = 0; path = "Tawk AssignmentUITests.xctest"; sourceTree = BUILT_PRODUCTS_DIR; };
		C689D59F28007F9200640A5D /* Tawk_AssignmentUITests.swift */ = {isa = PBXFileReference; lastKnownFileType = sourcecode.swift; path = Tawk_AssignmentUITests.swift; sourceTree = "<group>"; };
		C689D5A128007F9200640A5D /* Tawk_AssignmentUITestsLaunchTests.swift */ = {isa = PBXFileReference; lastKnownFileType = sourcecode.swift; path = Tawk_AssignmentUITestsLaunchTests.swift; sourceTree = "<group>"; };
		C689D5B4280091B200640A5D /* NetworkManager.swift */ = {isa = PBXFileReference; lastKnownFileType = sourcecode.swift; path = NetworkManager.swift; sourceTree = "<group>"; };
		C689D5B82800979500640A5D /* UsersListViewController.swift */ = {isa = PBXFileReference; fileEncoding = 4; lastKnownFileType = sourcecode.swift; path = UsersListViewController.swift; sourceTree = "<group>"; };
		C689D5BA280098B100640A5D /* AppConstants.swift */ = {isa = PBXFileReference; fileEncoding = 4; lastKnownFileType = sourcecode.swift; path = AppConstants.swift; sourceTree = "<group>"; };
		C689D5BE280098CD00640A5D /* UsersListViewModel.swift */ = {isa = PBXFileReference; fileEncoding = 4; lastKnownFileType = sourcecode.swift; path = UsersListViewModel.swift; sourceTree = "<group>"; };
		C692091C2802DC6800191A09 /* UserDetailsViewController.swift */ = {isa = PBXFileReference; lastKnownFileType = sourcecode.swift; path = UserDetailsViewController.swift; sourceTree = "<group>"; };
		C692091E2803019C00191A09 /* UserDetailsViewModel.swift */ = {isa = PBXFileReference; lastKnownFileType = sourcecode.swift; path = UserDetailsViewModel.swift; sourceTree = "<group>"; };
		C692092228032ED400191A09 /* NetworkMonitor.swift */ = {isa = PBXFileReference; lastKnownFileType = sourcecode.swift; path = NetworkMonitor.swift; sourceTree = "<group>"; };
		C69209242803641400191A09 /* BadgeView.swift */ = {isa = PBXFileReference; lastKnownFileType = sourcecode.swift; path = BadgeView.swift; sourceTree = "<group>"; };
		C6F0ABB228016EA900EBD48A /* CoreDataManager.swift */ = {isa = PBXFileReference; lastKnownFileType = sourcecode.swift; path = CoreDataManager.swift; sourceTree = "<group>"; };
		C6F0ABB42801707C00EBD48A /* UserListError.swift */ = {isa = PBXFileReference; lastKnownFileType = sourcecode.swift; path = UserListError.swift; sourceTree = "<group>"; };
		C6F1829428086FBB00E02D16 /* UserEntity+CoreDataClass.swift */ = {isa = PBXFileReference; lastKnownFileType = sourcecode.swift; path = "UserEntity+CoreDataClass.swift"; sourceTree = SOURCE_ROOT; };
		C6F1829528086FBB00E02D16 /* UserEntity+CoreDataProperties.swift */ = {isa = PBXFileReference; lastKnownFileType = sourcecode.swift; path = "UserEntity+CoreDataProperties.swift"; sourceTree = SOURCE_ROOT; };
		C6F1829628086FBB00E02D16 /* UsersDetailEntity+CoreDataClass.swift */ = {isa = PBXFileReference; lastKnownFileType = sourcecode.swift; path = "UsersDetailEntity+CoreDataClass.swift"; sourceTree = SOURCE_ROOT; };
		C6F1829728086FBB00E02D16 /* UsersDetailEntity+CoreDataProperties.swift */ = {isa = PBXFileReference; lastKnownFileType = sourcecode.swift; path = "UsersDetailEntity+CoreDataProperties.swift"; sourceTree = SOURCE_ROOT; };
/* End PBXFileReference section */

/* Begin PBXFrameworksBuildPhase section */
		C689D57528007F9100640A5D /* Frameworks */ = {
			isa = PBXFrameworksBuildPhase;
			buildActionMask = 2147483647;
			files = (
			);
			runOnlyForDeploymentPostprocessing = 0;
		};
		C689D58E28007F9200640A5D /* Frameworks */ = {
			isa = PBXFrameworksBuildPhase;
			buildActionMask = 2147483647;
			files = (
			);
			runOnlyForDeploymentPostprocessing = 0;
		};
		C689D59828007F9200640A5D /* Frameworks */ = {
			isa = PBXFrameworksBuildPhase;
			buildActionMask = 2147483647;
			files = (
			);
			runOnlyForDeploymentPostprocessing = 0;
		};
/* End PBXFrameworksBuildPhase section */

/* Begin PBXGroup section */
		C605B5962806152200E06DB6 /* User Cells */ = {
			isa = PBXGroup;
			children = (
				C635171E2805DDE700D5A35C /* NormalCollectionViewCell.swift */,
				C63517202805DDF400D5A35C /* NormalCollectionViewCell.xib */,
				C63517222805EBE300D5A35C /* NoteCollectionViewCell.swift */,
				C63517242805EC0900D5A35C /* NoteCollectionViewCell.xib */,
				C63517262805FCF800D5A35C /* InvertedCollectionViewCell.swift */,
				C63517272805FCF800D5A35C /* InvertedCollectionViewCell.xib */,
				C635172A2806045700D5A35C /* InvertedNoteCollectionViewCell.swift */,
				C635172B2806045700D5A35C /* InvertedNoteCollectionViewCell.xib */,
			);
			path = "User Cells";
			sourceTree = "<group>";
		};
		C62628C628043ED30013720E /* User Details */ = {
			isa = PBXGroup;
			children = (
				C692091C2802DC6800191A09 /* UserDetailsViewController.swift */,
				C692091E2803019C00191A09 /* UserDetailsViewModel.swift */,
			);
			path = "User Details";
			sourceTree = "<group>";
		};
		C689D56F28007F9100640A5D = {
			isa = PBXGroup;
			children = (
				C689D57A28007F9100640A5D /* Tawk Assignment */,
				C689D59428007F9200640A5D /* Tawk AssignmentTests */,
				C689D59E28007F9200640A5D /* Tawk AssignmentUITests */,
				C689D57928007F9100640A5D /* Products */,
			);
			sourceTree = "<group>";
		};
		C689D57928007F9100640A5D /* Products */ = {
			isa = PBXGroup;
			children = (
				C689D57828007F9100640A5D /* Tawk Assignment.app */,
				C689D59128007F9200640A5D /* Tawk AssignmentTests.xctest */,
				C689D59B28007F9200640A5D /* Tawk AssignmentUITests.xctest */,
			);
			name = Products;
			sourceTree = "<group>";
		};
		C689D57A28007F9100640A5D /* Tawk Assignment */ = {
			isa = PBXGroup;
			children = (
				C689D57B28007F9100640A5D /* AppDelegate.swift */,
				C689D57D28007F9100640A5D /* SceneDelegate.swift */,
				C635171C28058EBA00D5A35C /* ImageFileManager.swift */,
				C689D58128007F9100640A5D /* Main.storyboard */,
				C689D5C02800BE7300640A5D /* Users List */,
				C62628C628043ED30013720E /* User Details */,
				C692091B2802C56800191A09 /* Helpers */,
				C69209162802C3F600191A09 /* Core Data */,
				C689D58728007F9200640A5D /* Assets.xcassets */,
				C689D58928007F9200640A5D /* LaunchScreen.storyboard */,
				C689D58C28007F9200640A5D /* Info.plist */,
				C689D58428007F9100640A5D /* Tawk_Assignment.xcdatamodeld */,
			);
			path = "Tawk Assignment";
			sourceTree = "<group>";
		};
		C689D59428007F9200640A5D /* Tawk AssignmentTests */ = {
			isa = PBXGroup;
			children = (
				C689D59528007F9200640A5D /* Tawk_AssignmentTests.swift */,
			);
			path = "Tawk AssignmentTests";
			sourceTree = "<group>";
		};
		C689D59E28007F9200640A5D /* Tawk AssignmentUITests */ = {
			isa = PBXGroup;
			children = (
				C689D59F28007F9200640A5D /* Tawk_AssignmentUITests.swift */,
				C689D5A128007F9200640A5D /* Tawk_AssignmentUITestsLaunchTests.swift */,
			);
			path = "Tawk AssignmentUITests";
			sourceTree = "<group>";
		};
		C689D5C02800BE7300640A5D /* Users List */ = {
			isa = PBXGroup;
			children = (
				C689D5B82800979500640A5D /* UsersListViewController.swift */,
				C689D5BE280098CD00640A5D /* UsersListViewModel.swift */,
				C605B5962806152200E06DB6 /* User Cells */,
			);
			path = "Users List";
			sourceTree = "<group>";
		};
		C69209162802C3F600191A09 /* Core Data */ = {
			isa = PBXGroup;
			children = (
				C6F1829428086FBB00E02D16 /* UserEntity+CoreDataClass.swift */,
				C6F1829528086FBB00E02D16 /* UserEntity+CoreDataProperties.swift */,
				C6F1829628086FBB00E02D16 /* UsersDetailEntity+CoreDataClass.swift */,
				C6F1829728086FBB00E02D16 /* UsersDetailEntity+CoreDataProperties.swift */,
				C6F0ABB228016EA900EBD48A /* CoreDataManager.swift */,
				C6F0ABB42801707C00EBD48A /* UserListError.swift */,
			);
			path = "Core Data";
			sourceTree = "<group>";
		};
		C692091B2802C56800191A09 /* Helpers */ = {
			isa = PBXGroup;
			children = (
				C689D5B4280091B200640A5D /* NetworkManager.swift */,
				C605B59728061D9500E06DB6 /* SequentialOpertion.swift */,
				C692092228032ED400191A09 /* NetworkMonitor.swift */,
				C689D5BA280098B100640A5D /* AppConstants.swift */,
				C69209242803641400191A09 /* BadgeView.swift */,
				C674154628015C780096C6CE /* Utility.swift */,
			);
			path = Helpers;
			sourceTree = "<group>";
		};
/* End PBXGroup section */

/* Begin PBXNativeTarget section */
		C689D57728007F9100640A5D /* Tawk Assignment */ = {
			isa = PBXNativeTarget;
			buildConfigurationList = C689D5A528007F9200640A5D /* Build configuration list for PBXNativeTarget "Tawk Assignment" */;
			buildPhases = (
				C689D57428007F9100640A5D /* Sources */,
				C689D57528007F9100640A5D /* Frameworks */,
				C689D57628007F9100640A5D /* Resources */,
			);
			buildRules = (
			);
			dependencies = (
			);
			name = "Tawk Assignment";
			productName = "Tawk Assignment";
			productReference = C689D57828007F9100640A5D /* Tawk Assignment.app */;
			productType = "com.apple.product-type.application";
		};
		C689D59028007F9200640A5D /* Tawk AssignmentTests */ = {
			isa = PBXNativeTarget;
			buildConfigurationList = C689D5A828007F9200640A5D /* Build configuration list for PBXNativeTarget "Tawk AssignmentTests" */;
			buildPhases = (
				C689D58D28007F9200640A5D /* Sources */,
				C689D58E28007F9200640A5D /* Frameworks */,
				C689D58F28007F9200640A5D /* Resources */,
			);
			buildRules = (
			);
			dependencies = (
				C689D59328007F9200640A5D /* PBXTargetDependency */,
			);
			name = "Tawk AssignmentTests";
			productName = "Tawk AssignmentTests";
			productReference = C689D59128007F9200640A5D /* Tawk AssignmentTests.xctest */;
			productType = "com.apple.product-type.bundle.unit-test";
		};
		C689D59A28007F9200640A5D /* Tawk AssignmentUITests */ = {
			isa = PBXNativeTarget;
			buildConfigurationList = C689D5AB28007F9200640A5D /* Build configuration list for PBXNativeTarget "Tawk AssignmentUITests" */;
			buildPhases = (
				C689D59728007F9200640A5D /* Sources */,
				C689D59828007F9200640A5D /* Frameworks */,
				C689D59928007F9200640A5D /* Resources */,
			);
			buildRules = (
			);
			dependencies = (
				C689D59D28007F9200640A5D /* PBXTargetDependency */,
			);
			name = "Tawk AssignmentUITests";
			productName = "Tawk AssignmentUITests";
			productReference = C689D59B28007F9200640A5D /* Tawk AssignmentUITests.xctest */;
			productType = "com.apple.product-type.bundle.ui-testing";
		};
/* End PBXNativeTarget section */

/* Begin PBXProject section */
		C689D57028007F9100640A5D /* Project object */ = {
			isa = PBXProject;
			attributes = {
				BuildIndependentTargetsInParallel = 1;
				LastSwiftUpdateCheck = 1330;
				LastUpgradeCheck = 1330;
				TargetAttributes = {
					C689D57728007F9100640A5D = {
						CreatedOnToolsVersion = 13.3;
					};
					C689D59028007F9200640A5D = {
						CreatedOnToolsVersion = 13.3;
						TestTargetID = C689D57728007F9100640A5D;
					};
					C689D59A28007F9200640A5D = {
						CreatedOnToolsVersion = 13.3;
						TestTargetID = C689D57728007F9100640A5D;
					};
				};
			};
			buildConfigurationList = C689D57328007F9100640A5D /* Build configuration list for PBXProject "Tawk Assignment" */;
			compatibilityVersion = "Xcode 13.0";
			developmentRegion = en;
			hasScannedForEncodings = 0;
			knownRegions = (
				en,
				Base,
			);
			mainGroup = C689D56F28007F9100640A5D;
			productRefGroup = C689D57928007F9100640A5D /* Products */;
			projectDirPath = "";
			projectRoot = "";
			targets = (
				C689D57728007F9100640A5D /* Tawk Assignment */,
				C689D59028007F9200640A5D /* Tawk AssignmentTests */,
				C689D59A28007F9200640A5D /* Tawk AssignmentUITests */,
			);
		};
/* End PBXProject section */

/* Begin PBXResourcesBuildPhase section */
		C689D57628007F9100640A5D /* Resources */ = {
			isa = PBXResourcesBuildPhase;
			buildActionMask = 2147483647;
			files = (
				C689D58B28007F9200640A5D /* LaunchScreen.storyboard in Resources */,
				C689D58828007F9200640A5D /* Assets.xcassets in Resources */,
				C63517212805DDF400D5A35C /* NormalCollectionViewCell.xib in Resources */,
				C63517292805FCF800D5A35C /* InvertedCollectionViewCell.xib in Resources */,
				C635172D2806045700D5A35C /* InvertedNoteCollectionViewCell.xib in Resources */,
				C63517252805EC0900D5A35C /* NoteCollectionViewCell.xib in Resources */,
				C689D58328007F9100640A5D /* Main.storyboard in Resources */,
			);
			runOnlyForDeploymentPostprocessing = 0;
		};
		C689D58F28007F9200640A5D /* Resources */ = {
			isa = PBXResourcesBuildPhase;
			buildActionMask = 2147483647;
			files = (
			);
			runOnlyForDeploymentPostprocessing = 0;
		};
		C689D59928007F9200640A5D /* Resources */ = {
			isa = PBXResourcesBuildPhase;
			buildActionMask = 2147483647;
			files = (
			);
			runOnlyForDeploymentPostprocessing = 0;
		};
/* End PBXResourcesBuildPhase section */

/* Begin PBXSourcesBuildPhase section */
		C689D57428007F9100640A5D /* Sources */ = {
			isa = PBXSourcesBuildPhase;
			buildActionMask = 2147483647;
			files = (
				C674154728015C780096C6CE /* Utility.swift in Sources */,
				C689D57C28007F9100640A5D /* AppDelegate.swift in Sources */,
				C692091D2802DC6800191A09 /* UserDetailsViewController.swift in Sources */,
				C689D5BB280098B100640A5D /* AppConstants.swift in Sources */,
				C63517232805EBE300D5A35C /* NoteCollectionViewCell.swift in Sources */,
				C6F1829928086FBB00E02D16 /* UserEntity+CoreDataProperties.swift in Sources */,
				C6F1829828086FBB00E02D16 /* UserEntity+CoreDataClass.swift in Sources */,
				C69209252803641400191A09 /* BadgeView.swift in Sources */,
				C63517282805FCF800D5A35C /* InvertedCollectionViewCell.swift in Sources */,
				C689D5B5280091B200640A5D /* NetworkManager.swift in Sources */,
				C635172C2806045700D5A35C /* InvertedNoteCollectionViewCell.swift in Sources */,
				C692092328032ED400191A09 /* NetworkMonitor.swift in Sources */,
				C6F0ABB328016EA900EBD48A /* CoreDataManager.swift in Sources */,
				C6F1829A28086FBB00E02D16 /* UsersDetailEntity+CoreDataClass.swift in Sources */,
				C635171D28058EBA00D5A35C /* ImageFileManager.swift in Sources */,
				C689D5B92800979500640A5D /* UsersListViewController.swift in Sources */,
				C605B59828061D9500E06DB6 /* SequentialOpertion.swift in Sources */,
				C6F0ABB52801707C00EBD48A /* UserListError.swift in Sources */,
				C689D5BF280098CD00640A5D /* UsersListViewModel.swift in Sources */,
				C6F1829B28086FBB00E02D16 /* UsersDetailEntity+CoreDataProperties.swift in Sources */,
				C692091F2803019C00191A09 /* UserDetailsViewModel.swift in Sources */,
				C635171F2805DDE700D5A35C /* NormalCollectionViewCell.swift in Sources */,
				C689D57E28007F9100640A5D /* SceneDelegate.swift in Sources */,
				C689D58628007F9100640A5D /* Tawk_Assignment.xcdatamodeld in Sources */,
			);
			runOnlyForDeploymentPostprocessing = 0;
		};
		C689D58D28007F9200640A5D /* Sources */ = {
			isa = PBXSourcesBuildPhase;
			buildActionMask = 2147483647;
			files = (
				C689D59628007F9200640A5D /* Tawk_AssignmentTests.swift in Sources */,
			);
			runOnlyForDeploymentPostprocessing = 0;
		};
		C689D59728007F9200640A5D /* Sources */ = {
			isa = PBXSourcesBuildPhase;
			buildActionMask = 2147483647;
			files = (
				C689D5A228007F9200640A5D /* Tawk_AssignmentUITestsLaunchTests.swift in Sources */,
				C689D5A028007F9200640A5D /* Tawk_AssignmentUITests.swift in Sources */,
			);
			runOnlyForDeploymentPostprocessing = 0;
		};
/* End PBXSourcesBuildPhase section */

/* Begin PBXTargetDependency section */
		C689D59328007F9200640A5D /* PBXTargetDependency */ = {
			isa = PBXTargetDependency;
			target = C689D57728007F9100640A5D /* Tawk Assignment */;
			targetProxy = C689D59228007F9200640A5D /* PBXContainerItemProxy */;
		};
		C689D59D28007F9200640A5D /* PBXTargetDependency */ = {
			isa = PBXTargetDependency;
			target = C689D57728007F9100640A5D /* Tawk Assignment */;
			targetProxy = C689D59C28007F9200640A5D /* PBXContainerItemProxy */;
		};
/* End PBXTargetDependency section */

/* Begin PBXVariantGroup section */
		C689D58128007F9100640A5D /* Main.storyboard */ = {
			isa = PBXVariantGroup;
			children = (
				C689D58228007F9100640A5D /* Base */,
			);
			name = Main.storyboard;
			sourceTree = "<group>";
		};
		C689D58928007F9200640A5D /* LaunchScreen.storyboard */ = {
			isa = PBXVariantGroup;
			children = (
				C689D58A28007F9200640A5D /* Base */,
			);
			name = LaunchScreen.storyboard;
			sourceTree = "<group>";
		};
/* End PBXVariantGroup section */

/* Begin XCBuildConfiguration section */
		C689D5A328007F9200640A5D /* Debug */ = {
			isa = XCBuildConfiguration;
			buildSettings = {
				ALWAYS_SEARCH_USER_PATHS = NO;
				CLANG_ANALYZER_NONNULL = YES;
				CLANG_ANALYZER_NUMBER_OBJECT_CONVERSION = YES_AGGRESSIVE;
				CLANG_CXX_LANGUAGE_STANDARD = "gnu++17";
				CLANG_ENABLE_MODULES = YES;
				CLANG_ENABLE_OBJC_ARC = YES;
				CLANG_ENABLE_OBJC_WEAK = YES;
				CLANG_WARN_BLOCK_CAPTURE_AUTORELEASING = YES;
				CLANG_WARN_BOOL_CONVERSION = YES;
				CLANG_WARN_COMMA = YES;
				CLANG_WARN_CONSTANT_CONVERSION = YES;
				CLANG_WARN_DEPRECATED_OBJC_IMPLEMENTATIONS = YES;
				CLANG_WARN_DIRECT_OBJC_ISA_USAGE = YES_ERROR;
				CLANG_WARN_DOCUMENTATION_COMMENTS = YES;
				CLANG_WARN_EMPTY_BODY = YES;
				CLANG_WARN_ENUM_CONVERSION = YES;
				CLANG_WARN_INFINITE_RECURSION = YES;
				CLANG_WARN_INT_CONVERSION = YES;
				CLANG_WARN_NON_LITERAL_NULL_CONVERSION = YES;
				CLANG_WARN_OBJC_IMPLICIT_RETAIN_SELF = YES;
				CLANG_WARN_OBJC_LITERAL_CONVERSION = YES;
				CLANG_WARN_OBJC_ROOT_CLASS = YES_ERROR;
				CLANG_WARN_QUOTED_INCLUDE_IN_FRAMEWORK_HEADER = YES;
				CLANG_WARN_RANGE_LOOP_ANALYSIS = YES;
				CLANG_WARN_STRICT_PROTOTYPES = YES;
				CLANG_WARN_SUSPICIOUS_MOVE = YES;
				CLANG_WARN_UNGUARDED_AVAILABILITY = YES_AGGRESSIVE;
				CLANG_WARN_UNREACHABLE_CODE = YES;
				CLANG_WARN__DUPLICATE_METHOD_MATCH = YES;
				COPY_PHASE_STRIP = NO;
				DEBUG_INFORMATION_FORMAT = dwarf;
				ENABLE_STRICT_OBJC_MSGSEND = YES;
				ENABLE_TESTABILITY = YES;
				GCC_C_LANGUAGE_STANDARD = gnu11;
				GCC_DYNAMIC_NO_PIC = NO;
				GCC_NO_COMMON_BLOCKS = YES;
				GCC_OPTIMIZATION_LEVEL = 0;
				GCC_PREPROCESSOR_DEFINITIONS = (
					"DEBUG=1",
					"$(inherited)",
				);
				GCC_WARN_64_TO_32_BIT_CONVERSION = YES;
				GCC_WARN_ABOUT_RETURN_TYPE = YES_ERROR;
				GCC_WARN_UNDECLARED_SELECTOR = YES;
				GCC_WARN_UNINITIALIZED_AUTOS = YES_AGGRESSIVE;
				GCC_WARN_UNUSED_FUNCTION = YES;
				GCC_WARN_UNUSED_VARIABLE = YES;
				IPHONEOS_DEPLOYMENT_TARGET = 15.4;
				MTL_ENABLE_DEBUG_INFO = INCLUDE_SOURCE;
				MTL_FAST_MATH = YES;
				ONLY_ACTIVE_ARCH = YES;
				SDKROOT = iphoneos;
				SWIFT_ACTIVE_COMPILATION_CONDITIONS = DEBUG;
				SWIFT_OPTIMIZATION_LEVEL = "-Onone";
			};
			name = Debug;
		};
		C689D5A428007F9200640A5D /* Release */ = {
			isa = XCBuildConfiguration;
			buildSettings = {
				ALWAYS_SEARCH_USER_PATHS = NO;
				CLANG_ANALYZER_NONNULL = YES;
				CLANG_ANALYZER_NUMBER_OBJECT_CONVERSION = YES_AGGRESSIVE;
				CLANG_CXX_LANGUAGE_STANDARD = "gnu++17";
				CLANG_ENABLE_MODULES = YES;
				CLANG_ENABLE_OBJC_ARC = YES;
				CLANG_ENABLE_OBJC_WEAK = YES;
				CLANG_WARN_BLOCK_CAPTURE_AUTORELEASING = YES;
				CLANG_WARN_BOOL_CONVERSION = YES;
				CLANG_WARN_COMMA = YES;
				CLANG_WARN_CONSTANT_CONVERSION = YES;
				CLANG_WARN_DEPRECATED_OBJC_IMPLEMENTATIONS = YES;
				CLANG_WARN_DIRECT_OBJC_ISA_USAGE = YES_ERROR;
				CLANG_WARN_DOCUMENTATION_COMMENTS = YES;
				CLANG_WARN_EMPTY_BODY = YES;
				CLANG_WARN_ENUM_CONVERSION = YES;
				CLANG_WARN_INFINITE_RECURSION = YES;
				CLANG_WARN_INT_CONVERSION = YES;
				CLANG_WARN_NON_LITERAL_NULL_CONVERSION = YES;
				CLANG_WARN_OBJC_IMPLICIT_RETAIN_SELF = YES;
				CLANG_WARN_OBJC_LITERAL_CONVERSION = YES;
				CLANG_WARN_OBJC_ROOT_CLASS = YES_ERROR;
				CLANG_WARN_QUOTED_INCLUDE_IN_FRAMEWORK_HEADER = YES;
				CLANG_WARN_RANGE_LOOP_ANALYSIS = YES;
				CLANG_WARN_STRICT_PROTOTYPES = YES;
				CLANG_WARN_SUSPICIOUS_MOVE = YES;
				CLANG_WARN_UNGUARDED_AVAILABILITY = YES_AGGRESSIVE;
				CLANG_WARN_UNREACHABLE_CODE = YES;
				CLANG_WARN__DUPLICATE_METHOD_MATCH = YES;
				COPY_PHASE_STRIP = NO;
				DEBUG_INFORMATION_FORMAT = "dwarf-with-dsym";
				ENABLE_NS_ASSERTIONS = NO;
				ENABLE_STRICT_OBJC_MSGSEND = YES;
				GCC_C_LANGUAGE_STANDARD = gnu11;
				GCC_NO_COMMON_BLOCKS = YES;
				GCC_WARN_64_TO_32_BIT_CONVERSION = YES;
				GCC_WARN_ABOUT_RETURN_TYPE = YES_ERROR;
				GCC_WARN_UNDECLARED_SELECTOR = YES;
				GCC_WARN_UNINITIALIZED_AUTOS = YES_AGGRESSIVE;
				GCC_WARN_UNUSED_FUNCTION = YES;
				GCC_WARN_UNUSED_VARIABLE = YES;
				IPHONEOS_DEPLOYMENT_TARGET = 15.4;
				MTL_ENABLE_DEBUG_INFO = NO;
				MTL_FAST_MATH = YES;
				SDKROOT = iphoneos;
				SWIFT_COMPILATION_MODE = wholemodule;
				SWIFT_OPTIMIZATION_LEVEL = "-O";
				VALIDATE_PRODUCT = YES;
			};
			name = Release;
		};
		C689D5A628007F9200640A5D /* Debug */ = {
			isa = XCBuildConfiguration;
			buildSettings = {
				ASSETCATALOG_COMPILER_APPICON_NAME = AppIcon;
				ASSETCATALOG_COMPILER_GLOBAL_ACCENT_COLOR_NAME = AccentColor;
				CODE_SIGN_STYLE = Automatic;
				CURRENT_PROJECT_VERSION = 1;
				DEVELOPMENT_TEAM = 554M33T5C8;
				GENERATE_INFOPLIST_FILE = YES;
				INFOPLIST_FILE = "Tawk Assignment/Info.plist";
				INFOPLIST_KEY_UIApplicationSupportsIndirectInputEvents = YES;
				INFOPLIST_KEY_UILaunchStoryboardName = LaunchScreen;
				INFOPLIST_KEY_UIMainStoryboardFile = Main;
				INFOPLIST_KEY_UISupportedInterfaceOrientations_iPad = "UIInterfaceOrientationPortrait UIInterfaceOrientationPortraitUpsideDown UIInterfaceOrientationLandscapeLeft UIInterfaceOrientationLandscapeRight";
				INFOPLIST_KEY_UISupportedInterfaceOrientations_iPhone = "UIInterfaceOrientationPortrait UIInterfaceOrientationLandscapeLeft UIInterfaceOrientationLandscapeRight";
				IPHONEOS_DEPLOYMENT_TARGET = 13.0;
				LD_RUNPATH_SEARCH_PATHS = (
					"$(inherited)",
					"@executable_path/Frameworks",
				);
				MARKETING_VERSION = 1.0;
				PRODUCT_BUNDLE_IDENTIFIER = "com.iOS.Tawk-Assignment";
				PRODUCT_NAME = "$(TARGET_NAME)";
				SWIFT_EMIT_LOC_STRINGS = YES;
				SWIFT_VERSION = 5.0;
				TARGETED_DEVICE_FAMILY = "1,2";
			};
			name = Debug;
		};
		C689D5A728007F9200640A5D /* Release */ = {
			isa = XCBuildConfiguration;
			buildSettings = {
				ASSETCATALOG_COMPILER_APPICON_NAME = AppIcon;
				ASSETCATALOG_COMPILER_GLOBAL_ACCENT_COLOR_NAME = AccentColor;
				CODE_SIGN_STYLE = Automatic;
				CURRENT_PROJECT_VERSION = 1;
				DEVELOPMENT_TEAM = 554M33T5C8;
				GENERATE_INFOPLIST_FILE = YES;
				INFOPLIST_FILE = "Tawk Assignment/Info.plist";
				INFOPLIST_KEY_UIApplicationSupportsIndirectInputEvents = YES;
				INFOPLIST_KEY_UILaunchStoryboardName = LaunchScreen;
				INFOPLIST_KEY_UIMainStoryboardFile = Main;
				INFOPLIST_KEY_UISupportedInterfaceOrientations_iPad = "UIInterfaceOrientationPortrait UIInterfaceOrientationPortraitUpsideDown UIInterfaceOrientationLandscapeLeft UIInterfaceOrientationLandscapeRight";
				INFOPLIST_KEY_UISupportedInterfaceOrientations_iPhone = "UIInterfaceOrientationPortrait UIInterfaceOrientationLandscapeLeft UIInterfaceOrientationLandscapeRight";
				IPHONEOS_DEPLOYMENT_TARGET = 13.0;
				LD_RUNPATH_SEARCH_PATHS = (
					"$(inherited)",
					"@executable_path/Frameworks",
				);
				MARKETING_VERSION = 1.0;
				PRODUCT_BUNDLE_IDENTIFIER = "com.iOS.Tawk-Assignment";
				PRODUCT_NAME = "$(TARGET_NAME)";
				SWIFT_EMIT_LOC_STRINGS = YES;
				SWIFT_VERSION = 5.0;
				TARGETED_DEVICE_FAMILY = "1,2";
			};
			name = Release;
		};
		C689D5A928007F9200640A5D /* Debug */ = {
			isa = XCBuildConfiguration;
			buildSettings = {
				ALWAYS_EMBED_SWIFT_STANDARD_LIBRARIES = YES;
				BUNDLE_LOADER = "$(TEST_HOST)";
				CODE_SIGN_STYLE = Automatic;
				CURRENT_PROJECT_VERSION = 1;
				DEVELOPMENT_TEAM = 554M33T5C8;
				GENERATE_INFOPLIST_FILE = YES;
				IPHONEOS_DEPLOYMENT_TARGET = 15.4;
				MARKETING_VERSION = 1.0;
				PRODUCT_BUNDLE_IDENTIFIER = "com.iOS.Tawk-AssignmentTests";
				PRODUCT_NAME = "$(TARGET_NAME)";
				SWIFT_EMIT_LOC_STRINGS = NO;
				SWIFT_VERSION = 5.0;
				TARGETED_DEVICE_FAMILY = "1,2";
				TEST_HOST = "$(BUILT_PRODUCTS_DIR)/Tawk Assignment.app/Tawk Assignment";
			};
			name = Debug;
		};
		C689D5AA28007F9200640A5D /* Release */ = {
			isa = XCBuildConfiguration;
			buildSettings = {
				ALWAYS_EMBED_SWIFT_STANDARD_LIBRARIES = YES;
				BUNDLE_LOADER = "$(TEST_HOST)";
				CODE_SIGN_STYLE = Automatic;
				CURRENT_PROJECT_VERSION = 1;
				DEVELOPMENT_TEAM = 554M33T5C8;
				GENERATE_INFOPLIST_FILE = YES;
				IPHONEOS_DEPLOYMENT_TARGET = 15.4;
				MARKETING_VERSION = 1.0;
				PRODUCT_BUNDLE_IDENTIFIER = "com.iOS.Tawk-AssignmentTests";
				PRODUCT_NAME = "$(TARGET_NAME)";
				SWIFT_EMIT_LOC_STRINGS = NO;
				SWIFT_VERSION = 5.0;
				TARGETED_DEVICE_FAMILY = "1,2";
				TEST_HOST = "$(BUILT_PRODUCTS_DIR)/Tawk Assignment.app/Tawk Assignment";
			};
			name = Release;
		};
		C689D5AC28007F9200640A5D /* Debug */ = {
			isa = XCBuildConfiguration;
			buildSettings = {
				ALWAYS_EMBED_SWIFT_STANDARD_LIBRARIES = YES;
				CODE_SIGN_STYLE = Automatic;
				CURRENT_PROJECT_VERSION = 1;
				DEVELOPMENT_TEAM = 554M33T5C8;
				GENERATE_INFOPLIST_FILE = YES;
				MARKETING_VERSION = 1.0;
				PRODUCT_BUNDLE_IDENTIFIER = "com.iOS.Tawk-AssignmentUITests";
				PRODUCT_NAME = "$(TARGET_NAME)";
				SWIFT_EMIT_LOC_STRINGS = NO;
				SWIFT_VERSION = 5.0;
				TARGETED_DEVICE_FAMILY = "1,2";
				TEST_TARGET_NAME = "Tawk Assignment";
			};
			name = Debug;
		};
		C689D5AD28007F9200640A5D /* Release */ = {
			isa = XCBuildConfiguration;
			buildSettings = {
				ALWAYS_EMBED_SWIFT_STANDARD_LIBRARIES = YES;
				CODE_SIGN_STYLE = Automatic;
				CURRENT_PROJECT_VERSION = 1;
				DEVELOPMENT_TEAM = 554M33T5C8;
				GENERATE_INFOPLIST_FILE = YES;
				MARKETING_VERSION = 1.0;
				PRODUCT_BUNDLE_IDENTIFIER = "com.iOS.Tawk-AssignmentUITests";
				PRODUCT_NAME = "$(TARGET_NAME)";
				SWIFT_EMIT_LOC_STRINGS = NO;
				SWIFT_VERSION = 5.0;
				TARGETED_DEVICE_FAMILY = "1,2";
				TEST_TARGET_NAME = "Tawk Assignment";
			};
			name = Release;
		};
/* End XCBuildConfiguration section */

/* Begin XCConfigurationList section */
		C689D57328007F9100640A5D /* Build configuration list for PBXProject "Tawk Assignment" */ = {
			isa = XCConfigurationList;
			buildConfigurations = (
				C689D5A328007F9200640A5D /* Debug */,
				C689D5A428007F9200640A5D /* Release */,
			);
			defaultConfigurationIsVisible = 0;
			defaultConfigurationName = Release;
		};
		C689D5A528007F9200640A5D /* Build configuration list for PBXNativeTarget "Tawk Assignment" */ = {
			isa = XCConfigurationList;
			buildConfigurations = (
				C689D5A628007F9200640A5D /* Debug */,
				C689D5A728007F9200640A5D /* Release */,
			);
			defaultConfigurationIsVisible = 0;
			defaultConfigurationName = Release;
		};
		C689D5A828007F9200640A5D /* Build configuration list for PBXNativeTarget "Tawk AssignmentTests" */ = {
			isa = XCConfigurationList;
			buildConfigurations = (
				C689D5A928007F9200640A5D /* Debug */,
				C689D5AA28007F9200640A5D /* Release */,
			);
			defaultConfigurationIsVisible = 0;
			defaultConfigurationName = Release;
		};
		C689D5AB28007F9200640A5D /* Build configuration list for PBXNativeTarget "Tawk AssignmentUITests" */ = {
			isa = XCConfigurationList;
			buildConfigurations = (
				C689D5AC28007F9200640A5D /* Debug */,
				C689D5AD28007F9200640A5D /* Release */,
			);
			defaultConfigurationIsVisible = 0;
			defaultConfigurationName = Release;
		};
/* End XCConfigurationList section */

/* Begin XCVersionGroup section */
		C689D58428007F9100640A5D /* Tawk_Assignment.xcdatamodeld */ = {
			isa = XCVersionGroup;
			children = (
				C689D58528007F9100640A5D /* Tawk_Assignment.xcdatamodel */,
			);
			currentVersion = C689D58528007F9100640A5D /* Tawk_Assignment.xcdatamodel */;
			path = Tawk_Assignment.xcdatamodeld;
			sourceTree = "<group>";
			versionGroupType = wrapper.xcdatamodel;
		};
/* End XCVersionGroup section */
	};
	rootObject = C689D57028007F9100640A5D /* Project object */;
}
